
Microsoft Visual Studio Solution File, Format Version 12.00
Project("{FAE04EC0-301F-11D3-BF4B-00C04F79EFBC}") = "Cardboard.Device", "Cardboard.Device\Cardboard.Device.csproj", "{0B23D144-73C9-4A92-AE4E-89603095AC00}"
EndProject
Project("{FAE04EC0-301F-11D3-BF4B-00C04F79EFBC}") = "Cardboard.Domain", "Cardboard.Domain\Cardboard.Domain.csproj", "{5524D490-9DCA-47C8-A2E7-0DACC6CEA7C8}"
EndProject
Project("{FAE04EC0-301F-11D3-BF4B-00C04F79EFBC}") = "Cardboard.Serial", "Cardboard.Serial\Cardboard.Serial.csproj", "{7358B9C1-3761-458D-B8E6-B808423DD579}"
EndProject
Project("{FAE04EC0-301F-11D3-BF4B-00C04F79EFBC}") = "Cardboard.Configuration", "Cardboard.Configuration\Cardboard.Configuration.csproj", "{7B7340BF-6036-421C-9567-F311216F5012}"
EndProject
Project("{FAE04EC0-301F-11D3-BF4B-00C04F79EFBC}") = "Cardboard.Mocks", "Cardboard.Mocks\Cardboard.Mocks.csproj", "{9D225777-DB27-4F38-BDE4-7BFDE33CA641}"
EndProject
Project("{FAE04EC0-301F-11D3-BF4B-00C04F79EFBC}") = "Cardboard.Controller", "Cardboard.Controller\Cardboard.Controller.csproj", "{FBC417DD-53D2-4C4E-B0B9-D9476CABE2FE}"
EndProject
Project("{FAE04EC0-301F-11D3-BF4B-00C04F79EFBC}") = "Cardboard.Controller.Abstractions", "Cardboard.Controller.Abstractions\Cardboard.Controller.Abstractions.csproj", "{C9BEB197-00EE-4CE4-A4E4-175D33F5C252}"
EndProject
Project("{FAE04EC0-301F-11D3-BF4B-00C04F79EFBC}") = "Cardboard.Services", "Cardboard.Services\Cardboard.Services.csproj", "{3DCA6651-95F2-41C7-840F-0DD74568A91B}"
EndProject
Project("{FAE04EC0-301F-11D3-BF4B-00C04F79EFBC}") = "Cardboard.Device.Commands", "Cardboard.Device.Commands\Cardboard.Device.Commands.csproj", "{33F4316E-5CAF-4C1D-95DE-243B92FA08F5}"
EndProject
Project("{FAE04EC0-301F-11D3-BF4B-00C04F79EFBC}") = "Cardboard.SerialDebugger", "Cardboard.SerialDebugger\Cardboard.SerialDebugger.csproj", "{07436E1A-6699-4D6F-912B-EE3236ECA0C5}"
EndProject
Global
	GlobalSection(SolutionConfigurationPlatforms) = preSolution
		Debug|Any CPU = Debug|Any CPU
		Release|Any CPU = Release|Any CPU
	EndGlobalSection
	GlobalSection(ProjectConfigurationPlatforms) = postSolution
		{0B23D144-73C9-4A92-AE4E-89603095AC00}.Debug|Any CPU.ActiveCfg = Debug|Any CPU
		{0B23D144-73C9-4A92-AE4E-89603095AC00}.Debug|Any CPU.Build.0 = Debug|Any CPU
		{0B23D144-73C9-4A92-AE4E-89603095AC00}.Release|Any CPU.ActiveCfg = Release|Any CPU
		{0B23D144-73C9-4A92-AE4E-89603095AC00}.Release|Any CPU.Build.0 = Release|Any CPU
		{5524D490-9DCA-47C8-A2E7-0DACC6CEA7C8}.Debug|Any CPU.ActiveCfg = Debug|Any CPU
		{5524D490-9DCA-47C8-A2E7-0DACC6CEA7C8}.Debug|Any CPU.Build.0 = Debug|Any CPU
		{5524D490-9DCA-47C8-A2E7-0DACC6CEA7C8}.Release|Any CPU.ActiveCfg = Release|Any CPU
		{5524D490-9DCA-47C8-A2E7-0DACC6CEA7C8}.Release|Any CPU.Build.0 = Release|Any CPU
		{7358B9C1-3761-458D-B8E6-B808423DD579}.Debug|Any CPU.ActiveCfg = Debug|Any CPU
		{7358B9C1-3761-458D-B8E6-B808423DD579}.Debug|Any CPU.Build.0 = Debug|Any CPU
		{7358B9C1-3761-458D-B8E6-B808423DD579}.Release|Any CPU.ActiveCfg = Release|Any CPU
		{7358B9C1-3761-458D-B8E6-B808423DD579}.Release|Any CPU.Build.0 = Release|Any CPU
		{7B7340BF-6036-421C-9567-F311216F5012}.Debug|Any CPU.ActiveCfg = Debug|Any CPU
		{7B7340BF-6036-421C-9567-F311216F5012}.Debug|Any CPU.Build.0 = Debug|Any CPU
		{7B7340BF-6036-421C-9567-F311216F5012}.Release|Any CPU.ActiveCfg = Release|Any CPU
		{7B7340BF-6036-421C-9567-F311216F5012}.Release|Any CPU.Build.0 = Release|Any CPU
		{9D225777-DB27-4F38-BDE4-7BFDE33CA641}.Debug|Any CPU.ActiveCfg = Debug|Any CPU
		{9D225777-DB27-4F38-BDE4-7BFDE33CA641}.Debug|Any CPU.Build.0 = Debug|Any CPU
		{9D225777-DB27-4F38-BDE4-7BFDE33CA641}.Release|Any CPU.ActiveCfg = Release|Any CPU
		{9D225777-DB27-4F38-BDE4-7BFDE33CA641}.Release|Any CPU.Build.0 = Release|Any CPU
		{FBC417DD-53D2-4C4E-B0B9-D9476CABE2FE}.Debug|Any CPU.ActiveCfg = Debug|Any CPU
		{FBC417DD-53D2-4C4E-B0B9-D9476CABE2FE}.Debug|Any CPU.Build.0 = Debug|Any CPU
		{FBC417DD-53D2-4C4E-B0B9-D9476CABE2FE}.Release|Any CPU.ActiveCfg = Release|Any CPU
		{FBC417DD-53D2-4C4E-B0B9-D9476CABE2FE}.Release|Any CPU.Build.0 = Release|Any CPU
		{C9BEB197-00EE-4CE4-A4E4-175D33F5C252}.Debug|Any CPU.ActiveCfg = Debug|Any CPU
		{C9BEB197-00EE-4CE4-A4E4-175D33F5C252}.Debug|Any CPU.Build.0 = Debug|Any CPU
		{C9BEB197-00EE-4CE4-A4E4-175D33F5C252}.Release|Any CPU.ActiveCfg = Release|Any CPU
		{C9BEB197-00EE-4CE4-A4E4-175D33F5C252}.Release|Any CPU.Build.0 = Release|Any CPU
		{3DCA6651-95F2-41C7-840F-0DD74568A91B}.Debug|Any CPU.ActiveCfg = Debug|Any CPU
		{3DCA6651-95F2-41C7-840F-0DD74568A91B}.Debug|Any CPU.Build.0 = Debug|Any CPU
		{3DCA6651-95F2-41C7-840F-0DD74568A91B}.Release|Any CPU.ActiveCfg = Release|Any CPU
		{3DCA6651-95F2-41C7-840F-0DD74568A91B}.Release|Any CPU.Build.0 = Release|Any CPU
		{33F4316E-5CAF-4C1D-95DE-243B92FA08F5}.Debug|Any CPU.ActiveCfg = Debug|Any CPU
		{33F4316E-5CAF-4C1D-95DE-243B92FA08F5}.Debug|Any CPU.Build.0 = Debug|Any CPU
		{33F4316E-5CAF-4C1D-95DE-243B92FA08F5}.Release|Any CPU.ActiveCfg = Release|Any CPU
		{33F4316E-5CAF-4C1D-95DE-243B92FA08F5}.Release|Any CPU.Build.0 = Release|Any CPU
		{07436E1A-6699-4D6F-912B-EE3236ECA0C5}.Debug|Any CPU.ActiveCfg = Debug|Any CPU
		{07436E1A-6699-4D6F-912B-EE3236ECA0C5}.Debug|Any CPU.Build.0 = Debug|Any CPU
		{07436E1A-6699-4D6F-912B-EE3236ECA0C5}.Release|Any CPU.ActiveCfg = Release|Any CPU
		{07436E1A-6699-4D6F-912B-EE3236ECA0C5}.Release|Any CPU.Build.0 = Release|Any CPU
	EndGlobalSection
	GlobalSection(NestedProjects) = preSolution
	EndGlobalSection
EndGlobal
