
Microsoft Visual Studio Solution File, Format Version 12.00
Project("{FAE04EC0-301F-11D3-BF4B-00C04F79EFBC}") = "Cardboard.Device", "Cardboard.Device\Cardboard.Device.csproj", "{0B23D144-73C9-4A92-AE4E-89603095AC00}"
EndProject
Project("{FAE04EC0-301F-11D3-BF4B-00C04F79EFBC}") = "Cardboard.Serial", "Cardboard.Serial\Cardboard.Serial.csproj", "{7358B9C1-3761-458D-B8E6-B808423DD579}"
EndProject
Project("{FAE04EC0-301F-11D3-BF4B-00C04F79EFBC}") = "Cardboard.Configuration", "Cardboard.Configuration\Cardboard.Configuration.csproj", "{7B7340BF-6036-421C-9567-F311216F5012}"
EndProject
Project("{FAE04EC0-301F-11D3-BF4B-00C04F79EFBC}") = "Cardboard.Controller", "Cardboard.Controller\Cardboard.Controller.csproj", "{4C7543F1-874D-4A11-AA94-486B8E41EC8C}"
EndProject
Project("{FAE04EC0-301F-11D3-BF4B-00C04F79EFBC}") = "Cardboard.HttpApi", "Cardboard.HttpApi\Cardboard.HttpApi.csproj", "{B29B2043-7C59-4416-A0AA-0E46EF783BDA}"
EndProject
Project("{FAE04EC0-301F-11D3-BF4B-00C04F79EFBC}") = "Cardboard.Repositories", "Cardboard.Repositories\Cardboard.Repositories.csproj", "{4C4DC2D6-1520-4DC9-B68D-874E745D0255}"
EndProject
Project("{FAE04EC0-301F-11D3-BF4B-00C04F79EFBC}") = "Cardboard.Events", "Cardboard.Events\Cardboard.Events.csproj", "{8401CCA7-D29C-49A4-8CA7-7262D932D494}"
EndProject
Project("{FAE04EC0-301F-11D3-BF4B-00C04F79EFBC}") = "DeviceTool", "DeviceTool\DeviceTool.csproj", "{292E8728-244E-4EB0-BDE9-EFF5F3764032}"
EndProject
Project("{FAE04EC0-301F-11D3-BF4B-00C04F79EFBC}") = "Cardboard.Windows", "Cardboard.Windows\Cardboard.Windows.csproj", "{5468A113-425D-4BB3-B70B-B422DA18DEDA}"
EndProject
Project("{FAE04EC0-301F-11D3-BF4B-00C04F79EFBC}") = "Cardboard.Services", "Cardboard.Services\Cardboard.Services.csproj", "{98E6A8AE-D11C-4418-8893-65CECF6C5793}"
EndProject
Project("{FAE04EC0-301F-11D3-BF4B-00C04F79EFBC}") = "Cardboard.Utilities", "Cardboard.Utilities\Cardboard.Utilities.csproj", "{9648F090-26C3-4962-B991-D0330229AE95}"
EndProject
Project("{FAE04EC0-301F-11D3-BF4B-00C04F79EFBC}") = "Cardboard.Update", "Cardboard.Update\Cardboard.Update.csproj", "{CCFB29A1-D80B-45CE-B788-500AC86E893A}"
EndProject
Project("{FAE04EC0-301F-11D3-BF4B-00C04F79EFBC}") = "UpdateRunner", "UpdateRunner\UpdateRunner.csproj", "{9FE8F220-9C2A-439D-9CE6-BBEE668F00DC}"
EndProject
Global
	GlobalSection(SolutionConfigurationPlatforms) = preSolution
		Debug|Any CPU = Debug|Any CPU
		Release|Any CPU = Release|Any CPU
	EndGlobalSection
	GlobalSection(ProjectConfigurationPlatforms) = postSolution
		{0B23D144-73C9-4A92-AE4E-89603095AC00}.Debug|Any CPU.ActiveCfg = Debug|Any CPU
		{0B23D144-73C9-4A92-AE4E-89603095AC00}.Debug|Any CPU.Build.0 = Debug|Any CPU
		{0B23D144-73C9-4A92-AE4E-89603095AC00}.Release|Any CPU.ActiveCfg = Release|Any CPU
		{0B23D144-73C9-4A92-AE4E-89603095AC00}.Release|Any CPU.Build.0 = Release|Any CPU
		{7358B9C1-3761-458D-B8E6-B808423DD579}.Debug|Any CPU.ActiveCfg = Debug|Any CPU
		{7358B9C1-3761-458D-B8E6-B808423DD579}.Debug|Any CPU.Build.0 = Debug|Any CPU
		{7358B9C1-3761-458D-B8E6-B808423DD579}.Release|Any CPU.ActiveCfg = Release|Any CPU
		{7358B9C1-3761-458D-B8E6-B808423DD579}.Release|Any CPU.Build.0 = Release|Any CPU
		{7B7340BF-6036-421C-9567-F311216F5012}.Debug|Any CPU.ActiveCfg = Debug|Any CPU
		{7B7340BF-6036-421C-9567-F311216F5012}.Debug|Any CPU.Build.0 = Debug|Any CPU
		{7B7340BF-6036-421C-9567-F311216F5012}.Release|Any CPU.ActiveCfg = Release|Any CPU
		{7B7340BF-6036-421C-9567-F311216F5012}.Release|Any CPU.Build.0 = Release|Any CPU
		{4C7543F1-874D-4A11-AA94-486B8E41EC8C}.Debug|Any CPU.ActiveCfg = Debug|Any CPU
		{4C7543F1-874D-4A11-AA94-486B8E41EC8C}.Debug|Any CPU.Build.0 = Debug|Any CPU
		{4C7543F1-874D-4A11-AA94-486B8E41EC8C}.Release|Any CPU.ActiveCfg = Release|Any CPU
		{4C7543F1-874D-4A11-AA94-486B8E41EC8C}.Release|Any CPU.Build.0 = Release|Any CPU
		{B29B2043-7C59-4416-A0AA-0E46EF783BDA}.Debug|Any CPU.ActiveCfg = Debug|Any CPU
		{B29B2043-7C59-4416-A0AA-0E46EF783BDA}.Debug|Any CPU.Build.0 = Debug|Any CPU
		{B29B2043-7C59-4416-A0AA-0E46EF783BDA}.Release|Any CPU.ActiveCfg = Release|Any CPU
		{B29B2043-7C59-4416-A0AA-0E46EF783BDA}.Release|Any CPU.Build.0 = Release|Any CPU
		{4C4DC2D6-1520-4DC9-B68D-874E745D0255}.Debug|Any CPU.ActiveCfg = Debug|Any CPU
		{4C4DC2D6-1520-4DC9-B68D-874E745D0255}.Debug|Any CPU.Build.0 = Debug|Any CPU
		{4C4DC2D6-1520-4DC9-B68D-874E745D0255}.Release|Any CPU.ActiveCfg = Release|Any CPU
		{4C4DC2D6-1520-4DC9-B68D-874E745D0255}.Release|Any CPU.Build.0 = Release|Any CPU
		{8401CCA7-D29C-49A4-8CA7-7262D932D494}.Debug|Any CPU.ActiveCfg = Debug|Any CPU
		{8401CCA7-D29C-49A4-8CA7-7262D932D494}.Debug|Any CPU.Build.0 = Debug|Any CPU
		{8401CCA7-D29C-49A4-8CA7-7262D932D494}.Release|Any CPU.ActiveCfg = Release|Any CPU
		{8401CCA7-D29C-49A4-8CA7-7262D932D494}.Release|Any CPU.Build.0 = Release|Any CPU
		{292E8728-244E-4EB0-BDE9-EFF5F3764032}.Debug|Any CPU.ActiveCfg = Debug|Any CPU
		{292E8728-244E-4EB0-BDE9-EFF5F3764032}.Debug|Any CPU.Build.0 = Debug|Any CPU
		{292E8728-244E-4EB0-BDE9-EFF5F3764032}.Release|Any CPU.ActiveCfg = Release|Any CPU
		{292E8728-244E-4EB0-BDE9-EFF5F3764032}.Release|Any CPU.Build.0 = Release|Any CPU
		{5468A113-425D-4BB3-B70B-B422DA18DEDA}.Debug|Any CPU.ActiveCfg = Debug|Any CPU
		{5468A113-425D-4BB3-B70B-B422DA18DEDA}.Debug|Any CPU.Build.0 = Debug|Any CPU
		{5468A113-425D-4BB3-B70B-B422DA18DEDA}.Release|Any CPU.ActiveCfg = Release|Any CPU
		{5468A113-425D-4BB3-B70B-B422DA18DEDA}.Release|Any CPU.Build.0 = Release|Any CPU
		{98E6A8AE-D11C-4418-8893-65CECF6C5793}.Debug|Any CPU.ActiveCfg = Debug|Any CPU
		{98E6A8AE-D11C-4418-8893-65CECF6C5793}.Debug|Any CPU.Build.0 = Debug|Any CPU
		{98E6A8AE-D11C-4418-8893-65CECF6C5793}.Release|Any CPU.ActiveCfg = Release|Any CPU
		{98E6A8AE-D11C-4418-8893-65CECF6C5793}.Release|Any CPU.Build.0 = Release|Any CPU
		{9648F090-26C3-4962-B991-D0330229AE95}.Debug|Any CPU.ActiveCfg = Debug|Any CPU
		{9648F090-26C3-4962-B991-D0330229AE95}.Debug|Any CPU.Build.0 = Debug|Any CPU
		{9648F090-26C3-4962-B991-D0330229AE95}.Release|Any CPU.ActiveCfg = Release|Any CPU
		{9648F090-26C3-4962-B991-D0330229AE95}.Release|Any CPU.Build.0 = Release|Any CPU
		{CCFB29A1-D80B-45CE-B788-500AC86E893A}.Debug|Any CPU.ActiveCfg = Debug|Any CPU
		{CCFB29A1-D80B-45CE-B788-500AC86E893A}.Debug|Any CPU.Build.0 = Debug|Any CPU
		{CCFB29A1-D80B-45CE-B788-500AC86E893A}.Release|Any CPU.ActiveCfg = Release|Any CPU
		{CCFB29A1-D80B-45CE-B788-500AC86E893A}.Release|Any CPU.Build.0 = Release|Any CPU
		{9FE8F220-9C2A-439D-9CE6-BBEE668F00DC}.Debug|Any CPU.ActiveCfg = Debug|Any CPU
		{9FE8F220-9C2A-439D-9CE6-BBEE668F00DC}.Debug|Any CPU.Build.0 = Debug|Any CPU
		{9FE8F220-9C2A-439D-9CE6-BBEE668F00DC}.Release|Any CPU.ActiveCfg = Release|Any CPU
		{9FE8F220-9C2A-439D-9CE6-BBEE668F00DC}.Release|Any CPU.Build.0 = Release|Any CPU
	EndGlobalSection
	GlobalSection(NestedProjects) = preSolution
	EndGlobalSection
EndGlobal
